
Microsoft Visual Studio Solution File, Format Version 12.00
# Visual Studio Version 16
VisualStudioVersion = 16.0.31613.86
MinimumVisualStudioVersion = 10.0.40219.1
Project("{FAE04EC0-301F-11D3-BF4B-00C04F79EFBC}") = "Konwolucje", "Konwolucje.csproj", "{83FFC8F0-3325-4DE0-988A-8DFA98AAF66E}"
EndProject
Global
	GlobalSection(SolutionConfigurationPlatforms) = preSolution
		Debug|Any CPU = Debug|Any CPU
		Release|Any CPU = Release|Any CPU
	EndGlobalSection
	GlobalSection(ProjectConfigurationPlatforms) = postSolution
		{83FFC8F0-3325-4DE0-988A-8DFA98AAF66E}.Debug|Any CPU.ActiveCfg = Debug|Any CPU
		{83FFC8F0-3325-4DE0-988A-8DFA98AAF66E}.Debug|Any CPU.Build.0 = Debug|Any CPU
		{83FFC8F0-3325-4DE0-988A-8DFA98AAF66E}.Release|Any CPU.ActiveCfg = Release|Any CPU
		{83FFC8F0-3325-4DE0-988A-8DFA98AAF66E}.Release|Any CPU.Build.0 = Release|Any CPU
	EndGlobalSection
	GlobalSection(SolutionProperties) = preSolution
		HideSolutionNode = FALSE
	EndGlobalSection
	GlobalSection(ExtensibilityGlobals) = postSolution
		SolutionGuid = {A24F516B-5350-4513-9556-69A8E164329B}
	EndGlobalSection
EndGlobal
